<?xml version="1.0" encoding="utf-8"?>
<Project ToolsVersion="4.0" xmlns="http://schemas.microsoft.com/developer/msbuild/2003">
  <ItemGroup>
    <Filter Include="Source Files">
      <UniqueIdentifier>{4FC737F1-C7A5-4376-A066-2A32D752A2FF}</UniqueIdentifier>
      <Extensions>cpp;c;cc;cxx;c++;cppm;ixx;def;odl;idl;hpj;bat;asm;asmx</Extensions>
    </Filter>
    <Filter Include="Header Files">
      <UniqueIdentifier>{93995380-89BD-4b04-88EB-625FBE52EBFB}</UniqueIdentifier>
      <Extensions>h;hh;hpp;hxx;h++;hm;inl;inc;ipp;xsd</Extensions>
    </Filter>
    <Filter Include="Resource Files">
      <UniqueIdentifier>{67DA6AB6-F800-4c08-8B7A-83BB121AAD01}</UniqueIdentifier>
      <Extensions>rc;ico;cur;bmp;dlg;rc2;rct;bin;rgs;gif;jpg;jpeg;jpe;resx;tiff;tif;png;wav;mfcribbon-ms</Extensions>
    </Filter>
    <Filter Include="logs">
      <UniqueIdentifier>{025a6c4e-5077-4e84-a631-e2e5f5f4dde9}</UniqueIdentifier>
    </Filter>
  </ItemGroup>
  <ItemGroup>
    <ClCompile Include="src\TradingEngine\TradingEngine.cpp">
      <Filter>Source Files</Filter>
    </ClCompile>
    <ClCompile Include="src\Logging\ServerLogger.cpp">
      <Filter>Source Files</Filter>
    </ClCompile>
    <ClCompile Include="src\Orders\OrderCore.cpp">
      <Filter>Source Files</Filter>
    </ClCompile>
    <ClCompile Include="src\Orders\CancelOrder.cpp">
      <Filter>Source Files</Filter>
    </ClCompile>
    <ClCompile Include="src\Orders\ModifyOrder.cpp">
      <Filter>Source Files</Filter>
    </ClCompile>
    <ClCompile Include="src\Orders\Order.cpp">
      <Filter>Source Files</Filter>
    </ClCompile>
    <ClCompile Include="src\Orderbook\Spread.cpp">
      <Filter>Source Files</Filter>
    </ClCompile>
    <ClCompile Include="src\Orderbook\Reject\Rejection.cpp">
      <Filter>Source Files</Filter>
    </ClCompile>
    <ClCompile Include="src\Orderbook\Reject\RejectCreator.cpp">
      <Filter>Source Files</Filter>
    </ClCompile>
    <ClCompile Include="src\Orderbook\OrderStatuses\NewOrderStatus.cpp">
      <Filter>Source Files</Filter>
    </ClCompile>
    <ClCompile Include="src\Orderbook\OrderStatuses\ModifyOrderStatus.cpp">
      <Filter>Source Files</Filter>
    </ClCompile>
    <ClCompile Include="src\Orderbook\OrderStatuses\CancelOrderStatus.cpp">
      <Filter>Source Files</Filter>
    </ClCompile>
    <ClCompile Include="src\Orderbook\Limit.cpp">
      <Filter>Source Files</Filter>
    </ClCompile>
    <ClCompile Include="src\Orderbook\OrderbookEntry.cpp">
      <Filter>Source Files</Filter>
    </ClCompile>
    <ClCompile Include="src\Orderbook\ActionResultConversion.cpp">
      <Filter>Source Files</Filter>
    </ClCompile>
    <ClCompile Include="src\Orderbook\OrderEntryOrderbook.cpp">
      <Filter>Source Files</Filter>
    </ClCompile>
    <ClCompile Include="src\Orderbook\MatchingOrderbook.cpp">
      <Filter>Source Files</Filter>
    </ClCompile>
    <ClCompile Include="src\Orderbook\Orderbook.cpp">
      <Filter>Source Files</Filter>
    </ClCompile>
    <ClCompile Include="tests\OrderbookTest.cpp">
      <Filter>Source Files</Filter>
    </ClCompile>
    <ClCompile Include="src\Orderbook\Fill.cpp">
      <Filter>Source Files</Filter>
    </ClCompile>
    <ClCompile Include="src\Orderbook\MatchResult.cpp">
      <Filter>Source Files</Filter>
    </ClCompile>
    <ClCompile Include="src\Orderbook\Trade.cpp">
      <Filter>Source Files</Filter>
    </ClCompile>
    <ClCompile Include="src\Orderbook\TradeUtilities.cpp">
      <Filter>Source Files</Filter>
    </ClCompile>
    <ClCompile Include="src\Orderbook\OrderIdGenerator.cpp">
      <Filter>Source Files</Filter>
    </ClCompile>
    <ClCompile Include="src\Orderbook\MatchingAlgorithm\MatchingAlgorithm.cpp">
      <Filter>Source Files</Filter>
    </ClCompile>
    <ClCompile Include="src\Orderbook\FifoOrderbook.cpp">
      <Filter>Source Files</Filter>
    </ClCompile>
    <ClCompile Include="src\Orderbook\MatchingAlgorithm\FifoMatchingAlgorithm.cpp">
      <Filter>Source Files</Filter>
    </ClCompile>
    <ClCompile Include="src\Orderbook\TradeIdGenerator.cpp">
      <Filter>Source Files</Filter>
    </ClCompile>
    <ClCompile Include="src\Exchange\TradingExchange.cpp">
      <Filter>Source Files</Filter>
    </ClCompile>
    <ClCompile Include="src\Instrument\Security.cpp">
      <Filter>Source Files</Filter>
    </ClCompile>
    <ClCompile Include="src\Orderbook\OrderbookFactory.cpp">
      <Filter>Source Files</Filter>
    </ClCompile>
  </ItemGroup>
  <ItemGroup>
    <ClInclude Include="include\TradingEngine\TradingEngine\TradingEngine.h">
      <Filter>Header Files</Filter>
    </ClInclude>
    <ClInclude Include="include\TradingEngine\Logging\ServerLogger.h">
      <Filter>Header Files</Filter>
    </ClInclude>
    <ClInclude Include="include\TradingEngine\Orders\OrderCore.h">
      <Filter>Header Files</Filter>
    </ClInclude>
    <ClInclude Include="include\TradingEngine\Orders\CancelOrder.h">
      <Filter>Header Files</Filter>
    </ClInclude>
    <ClInclude Include="include\TradingEngine\Orders\ModifyOrder.h">
      <Filter>Header Files</Filter>
    </ClInclude>
    <ClInclude Include="include\TradingEngine\Orders\Order.h">
      <Filter>Header Files</Filter>
    </ClInclude>
    <ClInclude Include="resource.h">
      <Filter>Header Files</Filter>
    </ClInclude>
    <ClInclude Include="include\TradingEngine\Orderbook\Spread.h">
      <Filter>Header Files</Filter>
    </ClInclude>
    <ClInclude Include="include\TradingEngine\Orderbook\Reject\Rejection.h">
      <Filter>Header Files</Filter>
    </ClInclude>
    <ClInclude Include="include\TradingEngine\Orderbook\Reject\RejectCreator.h">
      <Filter>Header Files</Filter>
    </ClInclude>
    <ClInclude Include="include\TradingEngine\Orderbook\OrderStatuses\NewOrderStatus.h">
      <Filter>Header Files</Filter>
    </ClInclude>
    <ClInclude Include="include\TradingEngine\Orderbook\OrderStatuses\ModifyOrderStatus.h">
      <Filter>Header Files</Filter>
    </ClInclude>
    <ClInclude Include="include\TradingEngine\Orderbook\OrderStatuses\CancelOrderStatus.h">
      <Filter>Header Files</Filter>
    </ClInclude>
    <ClInclude Include="include\TradingEngine\Orderbook\Limit.h">
      <Filter>Header Files</Filter>
    </ClInclude>
    <ClInclude Include="include\TradingEngine\Orderbook\OrderbookEntry.h">
      <Filter>Header Files</Filter>
    </ClInclude>
    <ClInclude Include="include\TradingEngine\Orderbook\ActionResultConversion.h">
      <Filter>Header Files</Filter>
    </ClInclude>
    <ClInclude Include="include\TradingEngine\Orderbook\OrderEntryOrderbook.h">
      <Filter>Header Files</Filter>
    </ClInclude>
    <ClInclude Include="include\TradingEngine\Orderbook\MatchingOrderbook.h">
      <Filter>Header Files</Filter>
    </ClInclude>
    <ClInclude Include="include\TradingEngine\Orderbook\Orderbook.h">
      <Filter>Header Files</Filter>
    </ClInclude>
    <ClInclude Include="include\TradingEngine\Orderbook\Fill.h">
      <Filter>Header Files</Filter>
    </ClInclude>
    <ClInclude Include="include\TradingEngine\Orderbook\MatchResult.h">
      <Filter>Header Files</Filter>
    </ClInclude>
    <ClInclude Include="include\TradingEngine\Orderbook\Trade.h">
      <Filter>Header Files</Filter>
    </ClInclude>
    <ClInclude Include="include\TradingEngine\Orderbook\TradeUtilities.h">
      <Filter>Header Files</Filter>
    </ClInclude>
    <ClInclude Include="include\TradingEngine\Orderbook\OrderIdGenerator.h">
      <Filter>Header Files</Filter>
    </ClInclude>
    <ClInclude Include="include\TradingEngine\Orderbook\MatchingAlgorithm\MatchingAlgorithm.h">
      <Filter>Header Files</Filter>
    </ClInclude>
    <ClInclude Include="include\TradingEngine\Orderbook\FifoOrderbook.h">
      <Filter>Header Files</Filter>
    </ClInclude>
    <ClInclude Include="include\TradingEngine\Orderbook\MatchingAlgorithm\FifoMatchingAlgorithm.h">
      <Filter>Header Files</Filter>
    </ClInclude>
    <ClInclude Include="include\TradingEngine\Orderbook\TradeIdGenerator.h">
      <Filter>Header Files</Filter>
    </ClInclude>
    <ClInclude Include="include\TradingEngine\Exchange\TradingExchange.h">
      <Filter>Header Files</Filter>
    </ClInclude>
    <ClInclude Include="include\TradingEngine\Instrument\Security.h">
      <Filter>Header Files</Filter>
    </ClInclude>
    <ClInclude Include="include\TradingEngine\Orderbook\OrderbookFactory.h">
      <Filter>Header Files</Filter>
    </ClInclude>
  </ItemGroup>
  <ItemGroup>
    <ResourceCompile Include="tcp-server.rc">
      <Filter>Resource Files</Filter>
    </ResourceCompile>
  </ItemGroup>
  <ItemGroup>
    <None Include="ClassDiagram1.cd" />
    <None Include="src\Exchange\config.yaml" />
  </ItemGroup>
</Project>